// !$*UTF8*$!
{
	archiveVersion = 1;
	classes = {
	};
	objectVersion = 51;
	objects = {

/* Begin PBXBuildFile section */
		696C0629249A5E6800606E62 /* AppDelegate.swift in Sources */ = {isa = PBXBuildFile; fileRef = 696C0628249A5E6800606E62 /* AppDelegate.swift */; };
		696C062B249A5E6800606E62 /* SceneDelegate.swift in Sources */ = {isa = PBXBuildFile; fileRef = 696C062A249A5E6800606E62 /* SceneDelegate.swift */; };
		696C062D249A5E6800606E62 /* ViewController.swift in Sources */ = {isa = PBXBuildFile; fileRef = 696C062C249A5E6800606E62 /* ViewController.swift */; };
		696C0630249A5E6800606E62 /* Main.storyboard in Resources */ = {isa = PBXBuildFile; fileRef = 696C062E249A5E6800606E62 /* Main.storyboard */; };
		696C0632249A5E6A00606E62 /* Assets.xcassets in Resources */ = {isa = PBXBuildFile; fileRef = 696C0631249A5E6A00606E62 /* Assets.xcassets */; };
		696C0635249A5E6A00606E62 /* LaunchScreen.storyboard in Resources */ = {isa = PBXBuildFile; fileRef = 696C0633249A5E6A00606E62 /* LaunchScreen.storyboard */; };
		696C063F249A64F800606E62 /* Animation.swift in Sources */ = {isa = PBXBuildFile; fileRef = 696C063E249A64F800606E62 /* Animation.swift */; };
		A19536C0973E493014E99A33 /* Pods_vitata_HW2_9.framework in Frameworks */ = {isa = PBXBuildFile; fileRef = 556EC4636459C9801E459C28 /* Pods_vitata_HW2_9.framework */; };
/* End PBXBuildFile section */

/* Begin PBXFileReference section */
		0B6674CA638B3B09ADC157FD /* Pods-vitata_HW2.9.debug.xcconfig */ = {isa = PBXFileReference; includeInIndex = 1; lastKnownFileType = text.xcconfig; name = "Pods-vitata_HW2.9.debug.xcconfig"; path = "Target Support Files/Pods-vitata_HW2.9/Pods-vitata_HW2.9.debug.xcconfig"; sourceTree = "<group>"; };
		556EC4636459C9801E459C28 /* Pods_vitata_HW2_9.framework */ = {isa = PBXFileReference; explicitFileType = wrapper.framework; includeInIndex = 0; path = Pods_vitata_HW2_9.framework; sourceTree = BUILT_PRODUCTS_DIR; };
		696C0625249A5E6800606E62 /* vitata_HW2.9.app */ = {isa = PBXFileReference; explicitFileType = wrapper.application; includeInIndex = 0; path = vitata_HW2.9.app; sourceTree = BUILT_PRODUCTS_DIR; };
		696C0628249A5E6800606E62 /* AppDelegate.swift */ = {isa = PBXFileReference; lastKnownFileType = sourcecode.swift; path = AppDelegate.swift; sourceTree = "<group>"; };
		696C062A249A5E6800606E62 /* SceneDelegate.swift */ = {isa = PBXFileReference; lastKnownFileType = sourcecode.swift; path = SceneDelegate.swift; sourceTree = "<group>"; };
		696C062C249A5E6800606E62 /* ViewController.swift */ = {isa = PBXFileReference; lastKnownFileType = sourcecode.swift; path = ViewController.swift; sourceTree = "<group>"; };
		696C062F249A5E6800606E62 /* Base */ = {isa = PBXFileReference; lastKnownFileType = file.storyboard; name = Base; path = Base.lproj/Main.storyboard; sourceTree = "<group>"; };
		696C0631249A5E6A00606E62 /* Assets.xcassets */ = {isa = PBXFileReference; lastKnownFileType = folder.assetcatalog; path = Assets.xcassets; sourceTree = "<group>"; };
		696C0634249A5E6A00606E62 /* Base */ = {isa = PBXFileReference; lastKnownFileType = file.storyboard; name = Base; path = Base.lproj/LaunchScreen.storyboard; sourceTree = "<group>"; };
		696C0636249A5E6A00606E62 /* Info.plist */ = {isa = PBXFileReference; lastKnownFileType = text.plist.xml; path = Info.plist; sourceTree = "<group>"; };
		696C063E249A64F800606E62 /* Animation.swift */ = {isa = PBXFileReference; lastKnownFileType = sourcecode.swift; path = Animation.swift; sourceTree = "<group>"; };
		7F3854F4EDEE89368C1B8390 /* Pods-vitata_HW2.9.release.xcconfig */ = {isa = PBXFileReference; includeInIndex = 1; lastKnownFileType = text.xcconfig; name = "Pods-vitata_HW2.9.release.xcconfig"; path = "Target Support Files/Pods-vitata_HW2.9/Pods-vitata_HW2.9.release.xcconfig"; sourceTree = "<group>"; };
/* End PBXFileReference section */

/* Begin PBXFrameworksBuildPhase section */
		696C0622249A5E6800606E62 /* Frameworks */ = {
			isa = PBXFrameworksBuildPhase;
			buildActionMask = 2147483647;
			files = (
				A19536C0973E493014E99A33 /* Pods_vitata_HW2_9.framework in Frameworks */,
			);
			runOnlyForDeploymentPostprocessing = 0;
		};
/* End PBXFrameworksBuildPhase section */

/* Begin PBXGroup section */
		376BC60AFE6E6EA77900FB31 /* Frameworks */ = {
			isa = PBXGroup;
			children = (
				556EC4636459C9801E459C28 /* Pods_vitata_HW2_9.framework */,
			);
			name = Frameworks;
			sourceTree = "<group>";
		};
		696C061C249A5E6800606E62 = {
			isa = PBXGroup;
			children = (
				696C0627249A5E6800606E62 /* vitata_HW2.9 */,
				696C0626249A5E6800606E62 /* Products */,
				BFBF42DD8C26B919011D109A /* Pods */,
				376BC60AFE6E6EA77900FB31 /* Frameworks */,
			);
			sourceTree = "<group>";
		};
		696C0626249A5E6800606E62 /* Products */ = {
			isa = PBXGroup;
			children = (
				696C0625249A5E6800606E62 /* vitata_HW2.9.app */,
			);
			name = Products;
			sourceTree = "<group>";
		};
		696C0627249A5E6800606E62 /* vitata_HW2.9 */ = {
			isa = PBXGroup;
			children = (
				696C0644249A6D0600606E62 /* ViewControllers */,
				696C0640249A6CAF00606E62 /* Models */,
				696C0643249A6CF800606E62 /* Storyboards */,
				696C0642249A6CEB00606E62 /* Resource */,
				696C0641249A6CC300606E62 /* SupportingFiles */,
			);
			path = vitata_HW2.9;
			sourceTree = "<group>";
		};
		696C0640249A6CAF00606E62 /* Models */ = {
			isa = PBXGroup;
			children = (
				696C063E249A64F800606E62 /* Animation.swift */,
			);
			path = Models;
			sourceTree = "<group>";
		};
		696C0641249A6CC300606E62 /* SupportingFiles */ = {
			isa = PBXGroup;
			children = (
				696C0628249A5E6800606E62 /* AppDelegate.swift */,
				696C062A249A5E6800606E62 /* SceneDelegate.swift */,
				696C0636249A5E6A00606E62 /* Info.plist */,
			);
			path = SupportingFiles;
			sourceTree = "<group>";
		};
		696C0642249A6CEB00606E62 /* Resource */ = {
			isa = PBXGroup;
			children = (
				696C0631249A5E6A00606E62 /* Assets.xcassets */,
			);
			path = Resource;
			sourceTree = "<group>";
		};
		696C0643249A6CF800606E62 /* Storyboards */ = {
			isa = PBXGroup;
			children = (
				696C062E249A5E6800606E62 /* Main.storyboard */,
				696C0633249A5E6A00606E62 /* LaunchScreen.storyboard */,
			);
			path = Storyboards;
			sourceTree = "<group>";
		};
		696C0644249A6D0600606E62 /* ViewControllers */ = {
			isa = PBXGroup;
			children = (
				696C062C249A5E6800606E62 /* ViewController.swift */,
			);
			path = ViewControllers;
			sourceTree = "<group>";
		};
		BFBF42DD8C26B919011D109A /* Pods */ = {
			isa = PBXGroup;
			children = (
				0B6674CA638B3B09ADC157FD /* Pods-vitata_HW2.9.debug.xcconfig */,
				7F3854F4EDEE89368C1B8390 /* Pods-vitata_HW2.9.release.xcconfig */,
			);
			path = Pods;
			sourceTree = "<group>";
		};
/* End PBXGroup section */

/* Begin PBXNativeTarget section */
		696C0624249A5E6800606E62 /* vitata_HW2.9 */ = {
			isa = PBXNativeTarget;
			buildConfigurationList = 696C0639249A5E6A00606E62 /* Build configuration list for PBXNativeTarget "vitata_HW2.9" */;
			buildPhases = (
				2B870304721921B9C9168F17 /* [CP] Check Pods Manifest.lock */,
				696C0621249A5E6800606E62 /* Sources */,
				696C0622249A5E6800606E62 /* Frameworks */,
				696C0623249A5E6800606E62 /* Resources */,
				3450B5EE21AB57D410E7985F /* [CP] Embed Pods Frameworks */,
			);
			buildRules = (
			);
			dependencies = (
			);
			name = vitata_HW2.9;
			productName = vitata_HW2.9;
			productReference = 696C0625249A5E6800606E62 /* vitata_HW2.9.app */;
			productType = "com.apple.product-type.application";
		};
/* End PBXNativeTarget section */

/* Begin PBXProject section */
		696C061D249A5E6800606E62 /* Project object */ = {
			isa = PBXProject;
			attributes = {
				LastSwiftUpdateCheck = 1150;
				LastUpgradeCheck = 1150;
				ORGANIZATIONNAME = "APNET HQ LLC";
				TargetAttributes = {
					696C0624249A5E6800606E62 = {
						CreatedOnToolsVersion = 11.5;
					};
				};
			};
			buildConfigurationList = 696C0620249A5E6800606E62 /* Build configuration list for PBXProject "vitata_HW2.9" */;
			compatibilityVersion = "Xcode 9.3";
			developmentRegion = en;
			hasScannedForEncodings = 0;
			knownRegions = (
				en,
				Base,
			);
			mainGroup = 696C061C249A5E6800606E62;
			productRefGroup = 696C0626249A5E6800606E62 /* Products */;
			projectDirPath = "";
			projectRoot = "";
			targets = (
				696C0624249A5E6800606E62 /* vitata_HW2.9 */,
			);
		};
/* End PBXProject section */

/* Begin PBXResourcesBuildPhase section */
		696C0623249A5E6800606E62 /* Resources */ = {
			isa = PBXResourcesBuildPhase;
			buildActionMask = 2147483647;
			files = (
				696C0635249A5E6A00606E62 /* LaunchScreen.storyboard in Resources */,
				696C0632249A5E6A00606E62 /* Assets.xcassets in Resources */,
				696C0630249A5E6800606E62 /* Main.storyboard in Resources */,
			);
			runOnlyForDeploymentPostprocessing = 0;
		};
/* End PBXResourcesBuildPhase section */

/* Begin PBXShellScriptBuildPhase section */
		2B870304721921B9C9168F17 /* [CP] Check Pods Manifest.lock */ = {
			isa = PBXShellScriptBuildPhase;
			buildActionMask = 2147483647;
			files = (
			);
			inputFileListPaths = (
			);
			inputPaths = (
				"${PODS_PODFILE_DIR_PATH}/Podfile.lock",
				"${PODS_ROOT}/Manifest.lock",
			);
			name = "[CP] Check Pods Manifest.lock";
			outputFileListPaths = (
			);
			outputPaths = (
				"$(DERIVED_FILE_DIR)/Pods-vitata_HW2.9-checkManifestLockResult.txt",
			);
			runOnlyForDeploymentPostprocessing = 0;
			shellPath = /bin/sh;
			shellScript = "diff \"${PODS_PODFILE_DIR_PATH}/Podfile.lock\" \"${PODS_ROOT}/Manifest.lock\" > /dev/null\nif [ $? != 0 ] ; then\n    # print error to STDERR\n    echo \"error: The sandbox is not in sync with the Podfile.lock. Run 'pod install' or update your CocoaPods installation.\" >&2\n    exit 1\nfi\n# This output is used by Xcode 'outputs' to avoid re-running this script phase.\necho \"SUCCESS\" > \"${SCRIPT_OUTPUT_FILE_0}\"\n";
			showEnvVarsInLog = 0;
		};
		3450B5EE21AB57D410E7985F /* [CP] Embed Pods Frameworks */ = {
			isa = PBXShellScriptBuildPhase;
			buildActionMask = 2147483647;
			files = (
			);
			inputFileListPaths = (
				"${PODS_ROOT}/Target Support Files/Pods-vitata_HW2.9/Pods-vitata_HW2.9-frameworks-${CONFIGURATION}-input-files.xcfilelist",
			);
			name = "[CP] Embed Pods Frameworks";
			outputFileListPaths = (
				"${PODS_ROOT}/Target Support Files/Pods-vitata_HW2.9/Pods-vitata_HW2.9-frameworks-${CONFIGURATION}-output-files.xcfilelist",
			);
			runOnlyForDeploymentPostprocessing = 0;
			shellPath = /bin/sh;
			shellScript = "\"${PODS_ROOT}/Target Support Files/Pods-vitata_HW2.9/Pods-vitata_HW2.9-frameworks.sh\"\n";
			showEnvVarsInLog = 0;
		};
/* End PBXShellScriptBuildPhase section */

/* Begin PBXSourcesBuildPhase section */
		696C0621249A5E6800606E62 /* Sources */ = {
			isa = PBXSourcesBuildPhase;
			buildActionMask = 2147483647;
			files = (
				696C062D249A5E6800606E62 /* ViewController.swift in Sources */,
				696C0629249A5E6800606E62 /* AppDelegate.swift in Sources */,
				696C063F249A64F800606E62 /* Animation.swift in Sources */,
				696C062B249A5E6800606E62 /* SceneDelegate.swift in Sources */,
			);
			runOnlyForDeploymentPostprocessing = 0;
		};
/* End PBXSourcesBuildPhase section */

/* Begin PBXVariantGroup section */
		696C062E249A5E6800606E62 /* Main.storyboard */ = {
			isa = PBXVariantGroup;
			children = (
				696C062F249A5E6800606E62 /* Base */,
			);
			name = Main.storyboard;
			sourceTree = "<group>";
		};
		696C0633249A5E6A00606E62 /* LaunchScreen.storyboard */ = {
			isa = PBXVariantGroup;
			children = (
				696C0634249A5E6A00606E62 /* Base */,
			);
			name = LaunchScreen.storyboard;
			sourceTree = "<group>";
		};
/* End PBXVariantGroup section */

/* Begin XCBuildConfiguration section */
		696C0637249A5E6A00606E62 /* Debug */ = {
			isa = XCBuildConfiguration;
			buildSettings = {
				ALWAYS_SEARCH_USER_PATHS = NO;
				CLANG_ANALYZER_NONNULL = YES;
				CLANG_ANALYZER_NUMBER_OBJECT_CONVERSION = YES_AGGRESSIVE;
				CLANG_CXX_LANGUAGE_STANDARD = "gnu++14";
				CLANG_CXX_LIBRARY = "libc++";
				CLANG_ENABLE_MODULES = YES;
				CLANG_ENABLE_OBJC_ARC = YES;
				CLANG_ENABLE_OBJC_WEAK = YES;
				CLANG_WARN_BLOCK_CAPTURE_AUTORELEASING = YES;
				CLANG_WARN_BOOL_CONVERSION = YES;
				CLANG_WARN_COMMA = YES;
				CLANG_WARN_CONSTANT_CONVERSION = YES;
				CLANG_WARN_DEPRECATED_OBJC_IMPLEMENTATIONS = YES;
				CLANG_WARN_DIRECT_OBJC_ISA_USAGE = YES_ERROR;
				CLANG_WARN_DOCUMENTATION_COMMENTS = YES;
				CLANG_WARN_EMPTY_BODY = YES;
				CLANG_WARN_ENUM_CONVERSION = YES;
				CLANG_WARN_INFINITE_RECURSION = YES;
				CLANG_WARN_INT_CONVERSION = YES;
				CLANG_WARN_NON_LITERAL_NULL_CONVERSION = YES;
				CLANG_WARN_OBJC_IMPLICIT_RETAIN_SELF = YES;
				CLANG_WARN_OBJC_LITERAL_CONVERSION = YES;
				CLANG_WARN_OBJC_ROOT_CLASS = YES_ERROR;
				CLANG_WARN_RANGE_LOOP_ANALYSIS = YES;
				CLANG_WARN_STRICT_PROTOTYPES = YES;
				CLANG_WARN_SUSPICIOUS_MOVE = YES;
				CLANG_WARN_UNGUARDED_AVAILABILITY = YES_AGGRESSIVE;
				CLANG_WARN_UNREACHABLE_CODE = YES;
				CLANG_WARN__DUPLICATE_METHOD_MATCH = YES;
				COPY_PHASE_STRIP = NO;
				DEBUG_INFORMATION_FORMAT = dwarf;
				ENABLE_STRICT_OBJC_MSGSEND = YES;
				ENABLE_TESTABILITY = YES;
				GCC_C_LANGUAGE_STANDARD = gnu11;
				GCC_DYNAMIC_NO_PIC = NO;
				GCC_NO_COMMON_BLOCKS = YES;
				GCC_OPTIMIZATION_LEVEL = 0;
				GCC_PREPROCESSOR_DEFINITIONS = (
					"DEBUG=1",
					"$(inherited)",
				);
				GCC_WARN_64_TO_32_BIT_CONVERSION = YES;
				GCC_WARN_ABOUT_RETURN_TYPE = YES_ERROR;
				GCC_WARN_UNDECLARED_SELECTOR = YES;
				GCC_WARN_UNINITIALIZED_AUTOS = YES_AGGRESSIVE;
				GCC_WARN_UNUSED_FUNCTION = YES;
				GCC_WARN_UNUSED_VARIABLE = YES;
				IPHONEOS_DEPLOYMENT_TARGET = 13.5;
				MTL_ENABLE_DEBUG_INFO = INCLUDE_SOURCE;
				MTL_FAST_MATH = YES;
				ONLY_ACTIVE_ARCH = YES;
				SDKROOT = iphoneos;
				SWIFT_ACTIVE_COMPILATION_CONDITIONS = DEBUG;
				SWIFT_OPTIMIZATION_LEVEL = "-Onone";
			};
			name = Debug;
		};
		696C0638249A5E6A00606E62 /* Release */ = {
			isa = XCBuildConfiguration;
			buildSettings = {
				ALWAYS_SEARCH_USER_PATHS = NO;
				CLANG_ANALYZER_NONNULL = YES;
				CLANG_ANALYZER_NUMBER_OBJECT_CONVERSION = YES_AGGRESSIVE;
				CLANG_CXX_LANGUAGE_STANDARD = "gnu++14";
				CLANG_CXX_LIBRARY = "libc++";
				CLANG_ENABLE_MODULES = YES;
				CLANG_ENABLE_OBJC_ARC = YES;
				CLANG_ENABLE_OBJC_WEAK = YES;
				CLANG_WARN_BLOCK_CAPTURE_AUTORELEASING = YES;
				CLANG_WARN_BOOL_CONVERSION = YES;
				CLANG_WARN_COMMA = YES;
				CLANG_WARN_CONSTANT_CONVERSION = YES;
				CLANG_WARN_DEPRECATED_OBJC_IMPLEMENTATIONS = YES;
				CLANG_WARN_DIRECT_OBJC_ISA_USAGE = YES_ERROR;
				CLANG_WARN_DOCUMENTATION_COMMENTS = YES;
				CLANG_WARN_EMPTY_BODY = YES;
				CLANG_WARN_ENUM_CONVERSION = YES;
				CLANG_WARN_INFINITE_RECURSION = YES;
				CLANG_WARN_INT_CONVERSION = YES;
				CLANG_WARN_NON_LITERAL_NULL_CONVERSION = YES;
				CLANG_WARN_OBJC_IMPLICIT_RETAIN_SELF = YES;
				CLANG_WARN_OBJC_LITERAL_CONVERSION = YES;
				CLANG_WARN_OBJC_ROOT_CLASS = YES_ERROR;
				CLANG_WARN_RANGE_LOOP_ANALYSIS = YES;
				CLANG_WARN_STRICT_PROTOTYPES = YES;
				CLANG_WARN_SUSPICIOUS_MOVE = YES;
				CLANG_WARN_UNGUARDED_AVAILABILITY = YES_AGGRESSIVE;
				CLANG_WARN_UNREACHABLE_CODE = YES;
				CLANG_WARN__DUPLICATE_METHOD_MATCH = YES;
				COPY_PHASE_STRIP = NO;
				DEBUG_INFORMATION_FORMAT = "dwarf-with-dsym";
				ENABLE_NS_ASSERTIONS = NO;
				ENABLE_STRICT_OBJC_MSGSEND = YES;
				GCC_C_LANGUAGE_STANDARD = gnu11;
				GCC_NO_COMMON_BLOCKS = YES;
				GCC_WARN_64_TO_32_BIT_CONVERSION = YES;
				GCC_WARN_ABOUT_RETURN_TYPE = YES_ERROR;
				GCC_WARN_UNDECLARED_SELECTOR = YES;
				GCC_WARN_UNINITIALIZED_AUTOS = YES_AGGRESSIVE;
				GCC_WARN_UNUSED_FUNCTION = YES;
				GCC_WARN_UNUSED_VARIABLE = YES;
				IPHONEOS_DEPLOYMENT_TARGET = 13.5;
				MTL_ENABLE_DEBUG_INFO = NO;
				MTL_FAST_MATH = YES;
				SDKROOT = iphoneos;
				SWIFT_COMPILATION_MODE = wholemodule;
				SWIFT_OPTIMIZATION_LEVEL = "-O";
				VALIDATE_PRODUCT = YES;
			};
			name = Release;
		};
		696C063A249A5E6A00606E62 /* Debug */ = {
			isa = XCBuildConfiguration;
			baseConfigurationReference = 0B6674CA638B3B09ADC157FD /* Pods-vitata_HW2.9.debug.xcconfig */;
			buildSettings = {
				ASSETCATALOG_COMPILER_APPICON_NAME = AppIcon;
				CODE_SIGN_STYLE = Automatic;
				DEVELOPMENT_TEAM = QZC579X3KH;
				INFOPLIST_FILE = vitata_HW2.9/SupportingFiles/Info.plist;
				LD_RUNPATH_SEARCH_PATHS = (
					"$(inherited)",
					"@executable_path/Frameworks",
				);
				PRODUCT_BUNDLE_IDENTIFIER = "apnet.vitata-HW2-9";
				PRODUCT_NAME = "$(TARGET_NAME)";
				SWIFT_VERSION = 5.0;
				TARGETED_DEVICE_FAMILY = 1;
			};
			name = Debug;
		};
		696C063B249A5E6A00606E62 /* Release */ = {
			isa = XCBuildConfiguration;
			baseConfigurationReference = 7F3854F4EDEE89368C1B8390 /* Pods-vitata_HW2.9.release.xcconfig */;
			buildSettings = {
				ASSETCATALOG_COMPILER_APPICON_NAME = AppIcon;
				CODE_SIGN_STYLE = Automatic;
				DEVELOPMENT_TEAM = QZC579X3KH;
				INFOPLIST_FILE = vitata_HW2.9/SupportingFiles/Info.plist;
				LD_RUNPATH_SEARCH_PATHS = (
					"$(inherited)",
					"@executable_path/Frameworks",
				);
				PRODUCT_BUNDLE_IDENTIFIER = "apnet.vitata-HW2-9";
				PRODUCT_NAME = "$(TARGET_NAME)";
				SWIFT_VERSION = 5.0;
				TARGETED_DEVICE_FAMILY = 1;
			};
			name = Release;
		};
/* End XCBuildConfiguration section */

/* Begin XCConfigurationList section */
		696C0620249A5E6800606E62 /* Build configuration list for PBXProject "vitata_HW2.9" */ = {
			isa = XCConfigurationList;
			buildConfigurations = (
				696C0637249A5E6A00606E62 /* Debug */,
				696C0638249A5E6A00606E62 /* Release */,
			);
			defaultConfigurationIsVisible = 0;
			defaultConfigurationName = Release;
		};
		696C0639249A5E6A00606E62 /* Build configuration list for PBXNativeTarget "vitata_HW2.9" */ = {
			isa = XCConfigurationList;
			buildConfigurations = (
				696C063A249A5E6A00606E62 /* Debug */,
				696C063B249A5E6A00606E62 /* Release */,
			);
			defaultConfigurationIsVisible = 0;
			defaultConfigurationName = Release;
		};
/* End XCConfigurationList section */
	};
	rootObject = 696C061D249A5E6800606E62 /* Project object */;
}
